// !$*UTF8*$!
{
	archiveVersion = 1;
	classes = {
	};
	objectVersion = 55;
	objects = {

/* Begin PBXBuildFile section */
		19012BCA27A495F60071772F /* Landmark.swift in Sources */ = {isa = PBXBuildFile; fileRef = 19012BC927A495F60071772F /* Landmark.swift */; };
		19012BCC27A497F10071772F /* ModelData.swift in Sources */ = {isa = PBXBuildFile; fileRef = 19012BCB27A497F10071772F /* ModelData.swift */; };
		19012BD127A499590071772F /* landmarkData.json in Resources */ = {isa = PBXBuildFile; fileRef = 19012BD027A499590071772F /* landmarkData.json */; };
		19012BD327A499DA0071772F /* LandMarkRow.swift in Sources */ = {isa = PBXBuildFile; fileRef = 19012BD227A499DA0071772F /* LandMarkRow.swift */; };
		190515B22757EED900A7D0CA /* PublishingObservableObject.swift in Sources */ = {isa = PBXBuildFile; fileRef = 190515B12757EED900A7D0CA /* PublishingObservableObject.swift */; };
		190515B42757F38200A7D0CA /* ImageHotProspects.swift in Sources */ = {isa = PBXBuildFile; fileRef = 190515B32757F38200A7D0CA /* ImageHotProspects.swift */; };
		190515B62757F67200A7D0CA /* ContextMenu.swift in Sources */ = {isa = PBXBuildFile; fileRef = 190515B52757F67200A7D0CA /* ContextMenu.swift */; };
		190515B8275810C400A7D0CA /* localNotifications.swift in Sources */ = {isa = PBXBuildFile; fileRef = 190515B7275810C400A7D0CA /* localNotifications.swift */; };
		190515BB2758172900A7D0CA /* SamplePackage in Frameworks */ = {isa = PBXBuildFile; productRef = 190515BA2758172900A7D0CA /* SamplePackage */; };
		190515BD2758174000A7D0CA /* SamplePackage.swift in Sources */ = {isa = PBXBuildFile; fileRef = 190515BC2758174000A7D0CA /* SamplePackage.swift */; };
		19086428274EA7680062F6FF /* WebLinkView.swift in Sources */ = {isa = PBXBuildFile; fileRef = 19086427274EA7680062F6FF /* WebLinkView.swift */; };
		1908642B274EABA50062F6FF /* DatePicker.swift in Sources */ = {isa = PBXBuildFile; fileRef = 1908642A274EABA50062F6FF /* DatePicker.swift */; };
		1908642E274EAD4F0062F6FF /* DisclosureGroup.swift in Sources */ = {isa = PBXBuildFile; fileRef = 1908642D274EAD4F0062F6FF /* DisclosureGroup.swift */; };
		19086431274EAF950062F6FF /* SideBariPadOs.swift in Sources */ = {isa = PBXBuildFile; fileRef = 19086430274EAF950062F6FF /* SideBariPadOs.swift */; };
		190A2A5B274C0703002B8332 /* LazyVstack.swift in Sources */ = {isa = PBXBuildFile; fileRef = 190A2A5A274C0703002B8332 /* LazyVstack.swift */; };
		190A2A5E274C0A0C002B8332 /* ProgressIndicatorView.swift in Sources */ = {isa = PBXBuildFile; fileRef = 190A2A5D274C0A0C002B8332 /* ProgressIndicatorView.swift */; };
		190A2A61274C0E96002B8332 /* ExpandingListView.swift in Sources */ = {isa = PBXBuildFile; fileRef = 190A2A60274C0E96002B8332 /* ExpandingListView.swift */; };
		190A2A64274C13CA002B8332 /* VideoPlayerView.swift in Sources */ = {isa = PBXBuildFile; fileRef = 190A2A63274C13CA002B8332 /* VideoPlayerView.swift */; };
		1920BE92278B2889009AA5F8 /* ImageSaver.swift in Sources */ = {isa = PBXBuildFile; fileRef = 1920BE91278B2889009AA5F8 /* ImageSaver.swift */; };
		1920BE95278B83D1009AA5F8 /* SwiftBase.swift in Sources */ = {isa = PBXBuildFile; fileRef = 1920BE94278B83D1009AA5F8 /* SwiftBase.swift */; };
		1920BE97278B840D009AA5F8 /* SwiftBaseView.swift in Sources */ = {isa = PBXBuildFile; fileRef = 1920BE96278B840D009AA5F8 /* SwiftBaseView.swift */; };
		1986AF4F274D6C76000625E8 /* TextAndIconView.swift in Sources */ = {isa = PBXBuildFile; fileRef = 1986AF4E274D6C76000625E8 /* TextAndIconView.swift */; };
		19CDACED274AE0960072A155 /* iosAppTutorialsApp.swift in Sources */ = {isa = PBXBuildFile; fileRef = 19CDACEC274AE0960072A155 /* iosAppTutorialsApp.swift */; };
		19CDACEF274AE0960072A155 /* Mapkit.swift in Sources */ = {isa = PBXBuildFile; fileRef = 19CDACEE274AE0960072A155 /* Mapkit.swift */; };
		19CDACF1274AE0980072A155 /* Assets.xcassets in Resources */ = {isa = PBXBuildFile; fileRef = 19CDACF0274AE0980072A155 /* Assets.xcassets */; };
		19CDACF4274AE0980072A155 /* Preview Assets.xcassets in Resources */ = {isa = PBXBuildFile; fileRef = 19CDACF3274AE0980072A155 /* Preview Assets.xcassets */; };
		19CDACFE274AE0980072A155 /* iosAppTutorialsTests.swift in Sources */ = {isa = PBXBuildFile; fileRef = 19CDACFD274AE0980072A155 /* iosAppTutorialsTests.swift */; };
		19CDAD08274AE0980072A155 /* iosAppTutorialsUITests.swift in Sources */ = {isa = PBXBuildFile; fileRef = 19CDAD07274AE0980072A155 /* iosAppTutorialsUITests.swift */; };
		19CDAD0A274AE0980072A155 /* iosAppTutorialsUITestsLaunchTests.swift in Sources */ = {isa = PBXBuildFile; fileRef = 19CDAD09274AE0980072A155 /* iosAppTutorialsUITestsLaunchTests.swift */; };
		19CDAD26274AE5800072A155 /* ScrollingPages.swift in Sources */ = {isa = PBXBuildFile; fileRef = 19CDAD25274AE5800072A155 /* ScrollingPages.swift */; };
		19CDAD2A274AE6270072A155 /* ScrollingViewMain.swift in Sources */ = {isa = PBXBuildFile; fileRef = 19CDAD29274AE6260072A155 /* ScrollingViewMain.swift */; };
		19CDAD2D274AE9860072A155 /* SpriteKitView.swift in Sources */ = {isa = PBXBuildFile; fileRef = 19CDAD2C274AE9860072A155 /* SpriteKitView.swift */; };
		19CDAD30274AEDEC0072A155 /* ColorPickerView.swift in Sources */ = {isa = PBXBuildFile; fileRef = 19CDAD2F274AEDEC0072A155 /* ColorPickerView.swift */; };
		19DD9B3027A45FF100E436AA /* SwiftUIView.swift in Sources */ = {isa = PBXBuildFile; fileRef = 19DD9B2F27A45FF100E436AA /* SwiftUIView.swift */; };
		19DD9B3227A4601B00E436AA /* MapKit.swift in Sources */ = {isa = PBXBuildFile; fileRef = 19DD9B3127A4601B00E436AA /* MapKit.swift */; };
		19DD9B3427A4604000E436AA /* CircleImageView.swift in Sources */ = {isa = PBXBuildFile; fileRef = 19DD9B3327A4604000E436AA /* CircleImageView.swift */; };
		19E03EED275BEDB00059685F /* CodeScanner in Frameworks */ = {isa = PBXBuildFile; productRef = 19E03EEC275BEDB00059685F /* CodeScanner */; };
		19ED522B2751527900ADA61F /* WeSplitApp.swift in Sources */ = {isa = PBXBuildFile; fileRef = 19ED522A2751527900ADA61F /* WeSplitApp.swift */; };
		19ED522D275152C200ADA61F /* ContentView.swift in Sources */ = {isa = PBXBuildFile; fileRef = 19ED522C275152C200ADA61F /* ContentView.swift */; };
		19EF710F2756A5510088D7AA /* HotProspects.swift in Sources */ = {isa = PBXBuildFile; fileRef = 19EF710E2756A5510088D7AA /* HotProspects.swift */; };
		19EF71112756A55F0088D7AA /* HotProspectsContentView.swift in Sources */ = {isa = PBXBuildFile; fileRef = 19EF71102756A55F0088D7AA /* HotProspectsContentView.swift */; };
		19EF71132756ADC90088D7AA /* TabView.swift in Sources */ = {isa = PBXBuildFile; fileRef = 19EF71122756ADC90088D7AA /* TabView.swift */; };
		19EF9A42275008580075D4B4 /* FileDocumentView.swift in Sources */ = {isa = PBXBuildFile; fileRef = 19EF9A41275008580075D4B4 /* FileDocumentView.swift */; };
		19EF9A4427500D300075D4B4 /* FileDocumentViewMain.swift in Sources */ = {isa = PBXBuildFile; fileRef = 19EF9A4327500D300075D4B4 /* FileDocumentViewMain.swift */; };
		19EF9A46275014890075D4B4 /* StateView.swift in Sources */ = {isa = PBXBuildFile; fileRef = 19EF9A45275014890075D4B4 /* StateView.swift */; };
		19FCB149275935E200AF28EA /* ProspectsView.swift in Sources */ = {isa = PBXBuildFile; fileRef = 19FCB148275935E200AF28EA /* ProspectsView.swift */; };
		19FCB14B2759360000AF28EA /* MeView.swift in Sources */ = {isa = PBXBuildFile; fileRef = 19FCB14A2759360000AF28EA /* MeView.swift */; };
		19FCB14D2759362400AF28EA /* LandingView.swift in Sources */ = {isa = PBXBuildFile; fileRef = 19FCB14C2759362400AF28EA /* LandingView.swift */; };
		19FCB14F27593C9800AF28EA /* Prospects.swift in Sources */ = {isa = PBXBuildFile; fileRef = 19FCB14E27593C9800AF28EA /* Prospects.swift */; };
/* End PBXBuildFile section */

/* Begin PBXContainerItemProxy section */
		19CDACFA274AE0980072A155 /* PBXContainerItemProxy */ = {
			isa = PBXContainerItemProxy;
			containerPortal = 19CDACE1274AE0960072A155 /* Project object */;
			proxyType = 1;
			remoteGlobalIDString = 19CDACE8274AE0960072A155;
			remoteInfo = iosAppTutorials;
		};
		19CDAD04274AE0980072A155 /* PBXContainerItemProxy */ = {
			isa = PBXContainerItemProxy;
			containerPortal = 19CDACE1274AE0960072A155 /* Project object */;
			proxyType = 1;
			remoteGlobalIDString = 19CDACE8274AE0960072A155;
			remoteInfo = iosAppTutorials;
		};
/* End PBXContainerItemProxy section */

/* Begin PBXFileReference section */
		19012BC927A495F60071772F /* Landmark.swift */ = {isa = PBXFileReference; lastKnownFileType = sourcecode.swift; path = Landmark.swift; sourceTree = "<group>"; };
		19012BCB27A497F10071772F /* ModelData.swift */ = {isa = PBXFileReference; lastKnownFileType = sourcecode.swift; path = ModelData.swift; sourceTree = "<group>"; };
		19012BD027A499590071772F /* landmarkData.json */ = {isa = PBXFileReference; fileEncoding = 4; lastKnownFileType = text.json; path = landmarkData.json; sourceTree = "<group>"; };
		19012BD227A499DA0071772F /* LandMarkRow.swift */ = {isa = PBXFileReference; lastKnownFileType = sourcecode.swift; path = LandMarkRow.swift; sourceTree = "<group>"; };
		190515B12757EED900A7D0CA /* PublishingObservableObject.swift */ = {isa = PBXFileReference; lastKnownFileType = sourcecode.swift; path = PublishingObservableObject.swift; sourceTree = "<group>"; };
		190515B32757F38200A7D0CA /* ImageHotProspects.swift */ = {isa = PBXFileReference; lastKnownFileType = sourcecode.swift; path = ImageHotProspects.swift; sourceTree = "<group>"; };
		190515B52757F67200A7D0CA /* ContextMenu.swift */ = {isa = PBXFileReference; lastKnownFileType = sourcecode.swift; path = ContextMenu.swift; sourceTree = "<group>"; };
		190515B7275810C400A7D0CA /* localNotifications.swift */ = {isa = PBXFileReference; lastKnownFileType = sourcecode.swift; path = localNotifications.swift; sourceTree = "<group>"; };
		190515BC2758174000A7D0CA /* SamplePackage.swift */ = {isa = PBXFileReference; lastKnownFileType = sourcecode.swift; path = SamplePackage.swift; sourceTree = "<group>"; };
		19086427274EA7680062F6FF /* WebLinkView.swift */ = {isa = PBXFileReference; lastKnownFileType = sourcecode.swift; path = WebLinkView.swift; sourceTree = "<group>"; };
		1908642A274EABA50062F6FF /* DatePicker.swift */ = {isa = PBXFileReference; lastKnownFileType = sourcecode.swift; path = DatePicker.swift; sourceTree = "<group>"; };
		1908642D274EAD4F0062F6FF /* DisclosureGroup.swift */ = {isa = PBXFileReference; lastKnownFileType = sourcecode.swift; path = DisclosureGroup.swift; sourceTree = "<group>"; };
		19086430274EAF950062F6FF /* SideBariPadOs.swift */ = {isa = PBXFileReference; lastKnownFileType = sourcecode.swift; path = SideBariPadOs.swift; sourceTree = "<group>"; };
		190A2A5A274C0703002B8332 /* LazyVstack.swift */ = {isa = PBXFileReference; lastKnownFileType = sourcecode.swift; path = LazyVstack.swift; sourceTree = "<group>"; };
		190A2A5D274C0A0C002B8332 /* ProgressIndicatorView.swift */ = {isa = PBXFileReference; lastKnownFileType = sourcecode.swift; path = ProgressIndicatorView.swift; sourceTree = "<group>"; };
		190A2A60274C0E96002B8332 /* ExpandingListView.swift */ = {isa = PBXFileReference; lastKnownFileType = sourcecode.swift; path = ExpandingListView.swift; sourceTree = "<group>"; };
		190A2A63274C13CA002B8332 /* VideoPlayerView.swift */ = {isa = PBXFileReference; lastKnownFileType = sourcecode.swift; path = VideoPlayerView.swift; sourceTree = "<group>"; };
		1920BE91278B2889009AA5F8 /* ImageSaver.swift */ = {isa = PBXFileReference; lastKnownFileType = sourcecode.swift; path = ImageSaver.swift; sourceTree = "<group>"; };
		1920BE94278B83D1009AA5F8 /* SwiftBase.swift */ = {isa = PBXFileReference; lastKnownFileType = sourcecode.swift; path = SwiftBase.swift; sourceTree = "<group>"; };
		1920BE96278B840D009AA5F8 /* SwiftBaseView.swift */ = {isa = PBXFileReference; lastKnownFileType = sourcecode.swift; path = SwiftBaseView.swift; sourceTree = "<group>"; };
		1986AF4E274D6C76000625E8 /* TextAndIconView.swift */ = {isa = PBXFileReference; lastKnownFileType = sourcecode.swift; path = TextAndIconView.swift; sourceTree = "<group>"; };
		19CDACE9274AE0960072A155 /* iosAppTutorials.app */ = {isa = PBXFileReference; explicitFileType = wrapper.application; includeInIndex = 0; path = iosAppTutorials.app; sourceTree = BUILT_PRODUCTS_DIR; };
		19CDACEC274AE0960072A155 /* iosAppTutorialsApp.swift */ = {isa = PBXFileReference; lastKnownFileType = sourcecode.swift; path = iosAppTutorialsApp.swift; sourceTree = "<group>"; };
		19CDACEE274AE0960072A155 /* Mapkit.swift */ = {isa = PBXFileReference; lastKnownFileType = sourcecode.swift; path = Mapkit.swift; sourceTree = "<group>"; };
		19CDACF0274AE0980072A155 /* Assets.xcassets */ = {isa = PBXFileReference; lastKnownFileType = folder.assetcatalog; path = Assets.xcassets; sourceTree = "<group>"; };
		19CDACF3274AE0980072A155 /* Preview Assets.xcassets */ = {isa = PBXFileReference; lastKnownFileType = folder.assetcatalog; path = "Preview Assets.xcassets"; sourceTree = "<group>"; };
		19CDACF9274AE0980072A155 /* iosAppTutorialsTests.xctest */ = {isa = PBXFileReference; explicitFileType = wrapper.cfbundle; includeInIndex = 0; path = iosAppTutorialsTests.xctest; sourceTree = BUILT_PRODUCTS_DIR; };
		19CDACFD274AE0980072A155 /* iosAppTutorialsTests.swift */ = {isa = PBXFileReference; lastKnownFileType = sourcecode.swift; path = iosAppTutorialsTests.swift; sourceTree = "<group>"; };
		19CDAD03274AE0980072A155 /* iosAppTutorialsUITests.xctest */ = {isa = PBXFileReference; explicitFileType = wrapper.cfbundle; includeInIndex = 0; path = iosAppTutorialsUITests.xctest; sourceTree = BUILT_PRODUCTS_DIR; };
		19CDAD07274AE0980072A155 /* iosAppTutorialsUITests.swift */ = {isa = PBXFileReference; lastKnownFileType = sourcecode.swift; path = iosAppTutorialsUITests.swift; sourceTree = "<group>"; };
		19CDAD09274AE0980072A155 /* iosAppTutorialsUITestsLaunchTests.swift */ = {isa = PBXFileReference; lastKnownFileType = sourcecode.swift; path = iosAppTutorialsUITestsLaunchTests.swift; sourceTree = "<group>"; };
		19CDAD25274AE5800072A155 /* ScrollingPages.swift */ = {isa = PBXFileReference; lastKnownFileType = sourcecode.swift; path = ScrollingPages.swift; sourceTree = "<group>"; };
		19CDAD29274AE6260072A155 /* ScrollingViewMain.swift */ = {isa = PBXFileReference; lastKnownFileType = sourcecode.swift; path = ScrollingViewMain.swift; sourceTree = "<group>"; };
		19CDAD2C274AE9860072A155 /* SpriteKitView.swift */ = {isa = PBXFileReference; lastKnownFileType = sourcecode.swift; path = SpriteKitView.swift; sourceTree = "<group>"; };
		19CDAD2F274AEDEC0072A155 /* ColorPickerView.swift */ = {isa = PBXFileReference; lastKnownFileType = sourcecode.swift; path = ColorPickerView.swift; sourceTree = "<group>"; };
		19DD9B2F27A45FF100E436AA /* SwiftUIView.swift */ = {isa = PBXFileReference; lastKnownFileType = sourcecode.swift; path = SwiftUIView.swift; sourceTree = "<group>"; };
		19DD9B3127A4601B00E436AA /* MapKit.swift */ = {isa = PBXFileReference; lastKnownFileType = sourcecode.swift; path = MapKit.swift; sourceTree = "<group>"; };
		19DD9B3327A4604000E436AA /* CircleImageView.swift */ = {isa = PBXFileReference; lastKnownFileType = sourcecode.swift; path = CircleImageView.swift; sourceTree = "<group>"; };
		19ED522A2751527900ADA61F /* WeSplitApp.swift */ = {isa = PBXFileReference; lastKnownFileType = sourcecode.swift; path = WeSplitApp.swift; sourceTree = "<group>"; };
		19ED522C275152C200ADA61F /* ContentView.swift */ = {isa = PBXFileReference; lastKnownFileType = sourcecode.swift; path = ContentView.swift; sourceTree = "<group>"; };
		19EF710E2756A5510088D7AA /* HotProspects.swift */ = {isa = PBXFileReference; lastKnownFileType = sourcecode.swift; path = HotProspects.swift; sourceTree = "<group>"; };
		19EF71102756A55F0088D7AA /* HotProspectsContentView.swift */ = {isa = PBXFileReference; lastKnownFileType = sourcecode.swift; path = HotProspectsContentView.swift; sourceTree = "<group>"; };
		19EF71122756ADC90088D7AA /* TabView.swift */ = {isa = PBXFileReference; lastKnownFileType = sourcecode.swift; path = TabView.swift; sourceTree = "<group>"; };
		19EF9A41275008580075D4B4 /* FileDocumentView.swift */ = {isa = PBXFileReference; lastKnownFileType = sourcecode.swift; path = FileDocumentView.swift; sourceTree = "<group>"; };
		19EF9A4327500D300075D4B4 /* FileDocumentViewMain.swift */ = {isa = PBXFileReference; lastKnownFileType = sourcecode.swift; path = FileDocumentViewMain.swift; sourceTree = "<group>"; };
		19EF9A45275014890075D4B4 /* StateView.swift */ = {isa = PBXFileReference; lastKnownFileType = sourcecode.swift; path = StateView.swift; sourceTree = "<group>"; };
		19FCB148275935E200AF28EA /* ProspectsView.swift */ = {isa = PBXFileReference; lastKnownFileType = sourcecode.swift; path = ProspectsView.swift; sourceTree = "<group>"; };
		19FCB14A2759360000AF28EA /* MeView.swift */ = {isa = PBXFileReference; lastKnownFileType = sourcecode.swift; path = MeView.swift; sourceTree = "<group>"; };
		19FCB14C2759362400AF28EA /* LandingView.swift */ = {isa = PBXFileReference; lastKnownFileType = sourcecode.swift; path = LandingView.swift; sourceTree = "<group>"; };
		19FCB14E27593C9800AF28EA /* Prospects.swift */ = {isa = PBXFileReference; lastKnownFileType = sourcecode.swift; path = Prospects.swift; sourceTree = "<group>"; };
/* End PBXFileReference section */

/* Begin PBXFrameworksBuildPhase section */
		19CDACE6274AE0960072A155 /* Frameworks */ = {
			isa = PBXFrameworksBuildPhase;
			buildActionMask = 2147483647;
			files = (
				19E03EED275BEDB00059685F /* CodeScanner in Frameworks */,
				190515BB2758172900A7D0CA /* SamplePackage in Frameworks */,
			);
			runOnlyForDeploymentPostprocessing = 0;
		};
		19CDACF6274AE0980072A155 /* Frameworks */ = {
			isa = PBXFrameworksBuildPhase;
			buildActionMask = 2147483647;
			files = (
			);
			runOnlyForDeploymentPostprocessing = 0;
		};
		19CDAD00274AE0980072A155 /* Frameworks */ = {
			isa = PBXFrameworksBuildPhase;
			buildActionMask = 2147483647;
			files = (
			);
			runOnlyForDeploymentPostprocessing = 0;
		};
/* End PBXFrameworksBuildPhase section */

/* Begin PBXGroup section */
		19012BCD27A499070071772F /* Views */ = {
			isa = PBXGroup;
			children = (
				19DD9B2F27A45FF100E436AA /* SwiftUIView.swift */,
				19DD9B3127A4601B00E436AA /* MapKit.swift */,
				19DD9B3327A4604000E436AA /* CircleImageView.swift */,
				19012BD227A499DA0071772F /* LandMarkRow.swift */,
			);
			path = Views;
			sourceTree = "<group>";
		};
		19012BCE27A4991D0071772F /* Model */ = {
			isa = PBXGroup;
			children = (
				19012BC927A495F60071772F /* Landmark.swift */,
				19012BCB27A497F10071772F /* ModelData.swift */,
			);
			path = Model;
			sourceTree = "<group>";
		};
		19012BCF27A4992A0071772F /* Resources */ = {
			isa = PBXGroup;
			children = (
				19012BD027A499590071772F /* landmarkData.json */,
			);
			path = Resources;
			sourceTree = "<group>";
		};
		190515BE2758197700A7D0CA /* requirements */ = {
			isa = PBXGroup;
			children = (
				19EF71102756A55F0088D7AA /* HotProspectsContentView.swift */,
				19EF71122756ADC90088D7AA /* TabView.swift */,
				190515B12757EED900A7D0CA /* PublishingObservableObject.swift */,
				190515B32757F38200A7D0CA /* ImageHotProspects.swift */,
				190515B52757F67200A7D0CA /* ContextMenu.swift */,
				190515B7275810C400A7D0CA /* localNotifications.swift */,
				190515BC2758174000A7D0CA /* SamplePackage.swift */,
			);
			path = requirements;
			sourceTree = "<group>";
		};
		19086426274EA7480062F6FF /* WebLinkSafari */ = {
			isa = PBXGroup;
			children = (
				19086427274EA7680062F6FF /* WebLinkView.swift */,
			);
			path = WebLinkSafari;
			sourceTree = "<group>";
		};
		19086429274EAB8E0062F6FF /* DatePicker */ = {
			isa = PBXGroup;
			children = (
				1908642A274EABA50062F6FF /* DatePicker.swift */,
			);
			path = DatePicker;
			sourceTree = "<group>";
		};
		1908642C274EAD2C0062F6FF /* DisclosureGroup */ = {
			isa = PBXGroup;
			children = (
				1908642D274EAD4F0062F6FF /* DisclosureGroup.swift */,
			);
			path = DisclosureGroup;
			sourceTree = "<group>";
		};
		1908642F274EAF700062F6FF /* SideBar_iPadOs */ = {
			isa = PBXGroup;
			children = (
				19086430274EAF950062F6FF /* SideBariPadOs.swift */,
			);
			path = SideBar_iPadOs;
			sourceTree = "<group>";
		};
		190A2A59274C06CD002B8332 /* LazyVStack */ = {
			isa = PBXGroup;
			children = (
				190A2A5A274C0703002B8332 /* LazyVstack.swift */,
			);
			path = LazyVStack;
			sourceTree = "<group>";
		};
		190A2A5C274C09F4002B8332 /* ProgessIndicator */ = {
			isa = PBXGroup;
			children = (
				190A2A5D274C0A0C002B8332 /* ProgressIndicatorView.swift */,
			);
			path = ProgessIndicator;
			sourceTree = "<group>";
		};
		190A2A5F274C0E7A002B8332 /* ExpandingList */ = {
			isa = PBXGroup;
			children = (
				190A2A60274C0E96002B8332 /* ExpandingListView.swift */,
			);
			path = ExpandingList;
			sourceTree = "<group>";
		};
		190A2A62274C13A3002B8332 /* VideoPlayer */ = {
			isa = PBXGroup;
			children = (
				190A2A63274C13CA002B8332 /* VideoPlayerView.swift */,
			);
			path = VideoPlayer;
			sourceTree = "<group>";
		};
		1920BE93278B83B9009AA5F8 /* SwiftBase */ = {
			isa = PBXGroup;
			children = (
				1920BE94278B83D1009AA5F8 /* SwiftBase.swift */,
				1920BE96278B840D009AA5F8 /* SwiftBaseView.swift */,
			);
			path = SwiftBase;
			sourceTree = "<group>";
		};
		1986AF4D274D6C5E000625E8 /* TextAndIcon */ = {
			isa = PBXGroup;
			children = (
				1986AF4E274D6C76000625E8 /* TextAndIconView.swift */,
			);
			path = TextAndIcon;
			sourceTree = "<group>";
		};
		19CDACE0274AE0960072A155 = {
			isa = PBXGroup;
			children = (
				19CDACEB274AE0960072A155 /* iosAppTutorials */,
				19CDACFC274AE0980072A155 /* iosAppTutorialsTests */,
				19CDAD06274AE0980072A155 /* iosAppTutorialsUITests */,
				19CDACEA274AE0960072A155 /* Products */,
			);
			sourceTree = "<group>";
		};
		19CDACEA274AE0960072A155 /* Products */ = {
			isa = PBXGroup;
			children = (
				19CDACE9274AE0960072A155 /* iosAppTutorials.app */,
				19CDACF9274AE0980072A155 /* iosAppTutorialsTests.xctest */,
				19CDAD03274AE0980072A155 /* iosAppTutorialsUITests.xctest */,
			);
			name = Products;
			sourceTree = "<group>";
		};
		19CDACEB274AE0960072A155 /* iosAppTutorials */ = {
			isa = PBXGroup;
			children = (
				19DD9B2E27A45F9C00E436AA /* Swift_Dev */,
				1920BE93278B83B9009AA5F8 /* SwiftBase */,
				19EF710D2756A5170088D7AA /* HotProspects */,
				19ED52292751525000ADA61F /* WeSplit */,
				19CDAD22274AE2BF0072A155 /* views */,
				19CDACEC274AE0960072A155 /* iosAppTutorialsApp.swift */,
				19CDACF0274AE0980072A155 /* Assets.xcassets */,
				19CDACF2274AE0980072A155 /* Preview Content */,
			);
			path = iosAppTutorials;
			sourceTree = "<group>";
		};
		19CDACF2274AE0980072A155 /* Preview Content */ = {
			isa = PBXGroup;
			children = (
				19CDACF3274AE0980072A155 /* Preview Assets.xcassets */,
			);
			path = "Preview Content";
			sourceTree = "<group>";
		};
		19CDACFC274AE0980072A155 /* iosAppTutorialsTests */ = {
			isa = PBXGroup;
			children = (
				19CDACFD274AE0980072A155 /* iosAppTutorialsTests.swift */,
			);
			path = iosAppTutorialsTests;
			sourceTree = "<group>";
		};
		19CDAD06274AE0980072A155 /* iosAppTutorialsUITests */ = {
			isa = PBXGroup;
			children = (
				19CDAD07274AE0980072A155 /* iosAppTutorialsUITests.swift */,
				19CDAD09274AE0980072A155 /* iosAppTutorialsUITestsLaunchTests.swift */,
			);
			path = iosAppTutorialsUITests;
			sourceTree = "<group>";
		};
		19CDAD22274AE2BF0072A155 /* views */ = {
			isa = PBXGroup;
			children = (
				19EF9A402750083A0075D4B4 /* FileDocument */,
				1908642F274EAF700062F6FF /* SideBar_iPadOs */,
				1908642C274EAD2C0062F6FF /* DisclosureGroup */,
				19086429274EAB8E0062F6FF /* DatePicker */,
				19086426274EA7480062F6FF /* WebLinkSafari */,
				1986AF4D274D6C5E000625E8 /* TextAndIcon */,
				190A2A62274C13A3002B8332 /* VideoPlayer */,
				190A2A5F274C0E7A002B8332 /* ExpandingList */,
				190A2A5C274C09F4002B8332 /* ProgessIndicator */,
				190A2A59274C06CD002B8332 /* LazyVStack */,
				19CDAD2E274AEDCC0072A155 /* ColorPicker */,
				19CDAD2B274AE9680072A155 /* SpriteKit */,
				19CDAD28274AE5E90072A155 /* ScrollingView */,
				19CDAD27274AE5C40072A155 /* MapKit */,
				19EF9A45275014890075D4B4 /* StateView.swift */,
			);
			path = views;
			sourceTree = "<group>";
		};
		19CDAD27274AE5C40072A155 /* MapKit */ = {
			isa = PBXGroup;
			children = (
				19CDACEE274AE0960072A155 /* Mapkit.swift */,
			);
			path = MapKit;
			sourceTree = "<group>";
		};
		19CDAD28274AE5E90072A155 /* ScrollingView */ = {
			isa = PBXGroup;
			children = (
				19CDAD25274AE5800072A155 /* ScrollingPages.swift */,
				19CDAD29274AE6260072A155 /* ScrollingViewMain.swift */,
			);
			path = ScrollingView;
			sourceTree = "<group>";
		};
		19CDAD2B274AE9680072A155 /* SpriteKit */ = {
			isa = PBXGroup;
			children = (
				19CDAD2C274AE9860072A155 /* SpriteKitView.swift */,
			);
			path = SpriteKit;
			sourceTree = "<group>";
		};
		19CDAD2E274AEDCC0072A155 /* ColorPicker */ = {
			isa = PBXGroup;
			children = (
				19CDAD2F274AEDEC0072A155 /* ColorPickerView.swift */,
			);
			path = ColorPicker;
			sourceTree = "<group>";
		};
		19DD9B2E27A45F9C00E436AA /* Swift_Dev */ = {
			isa = PBXGroup;
			children = (
				19012BCF27A4992A0071772F /* Resources */,
				19012BCE27A4991D0071772F /* Model */,
				19012BCD27A499070071772F /* Views */,
			);
			path = Swift_Dev;
			sourceTree = "<group>";
		};
		19ED52292751525000ADA61F /* WeSplit */ = {
			isa = PBXGroup;
			children = (
				19ED522A2751527900ADA61F /* WeSplitApp.swift */,
				19ED522C275152C200ADA61F /* ContentView.swift */,
			);
			path = WeSplit;
			sourceTree = "<group>";
		};
		19EF710D2756A5170088D7AA /* HotProspects */ = {
			isa = PBXGroup;
			children = (
				190515BE2758197700A7D0CA /* requirements */,
				19EF710E2756A5510088D7AA /* HotProspects.swift */,
				19FCB148275935E200AF28EA /* ProspectsView.swift */,
				19FCB14A2759360000AF28EA /* MeView.swift */,
				19FCB14C2759362400AF28EA /* LandingView.swift */,
				19FCB14E27593C9800AF28EA /* Prospects.swift */,
				1920BE91278B2889009AA5F8 /* ImageSaver.swift */,
			);
			path = HotProspects;
			sourceTree = "<group>";
		};
		19EF9A402750083A0075D4B4 /* FileDocument */ = {
			isa = PBXGroup;
			children = (
				19EF9A41275008580075D4B4 /* FileDocumentView.swift */,
				19EF9A4327500D300075D4B4 /* FileDocumentViewMain.swift */,
			);
			path = FileDocument;
			sourceTree = "<group>";
		};
/* End PBXGroup section */

/* Begin PBXNativeTarget section */
		19CDACE8274AE0960072A155 /* iosAppTutorials */ = {
			isa = PBXNativeTarget;
			buildConfigurationList = 19CDAD0D274AE0980072A155 /* Build configuration list for PBXNativeTarget "iosAppTutorials" */;
			buildPhases = (
				19CDACE5274AE0960072A155 /* Sources */,
				19CDACE6274AE0960072A155 /* Frameworks */,
				19CDACE7274AE0960072A155 /* Resources */,
			);
			buildRules = (
			);
			dependencies = (
			);
			name = iosAppTutorials;
			packageProductDependencies = (
				190515BA2758172900A7D0CA /* SamplePackage */,
				19E03EEC275BEDB00059685F /* CodeScanner */,
			);
			productName = iosAppTutorials;
			productReference = 19CDACE9274AE0960072A155 /* iosAppTutorials.app */;
			productType = "com.apple.product-type.application";
		};
		19CDACF8274AE0980072A155 /* iosAppTutorialsTests */ = {
			isa = PBXNativeTarget;
			buildConfigurationList = 19CDAD10274AE0980072A155 /* Build configuration list for PBXNativeTarget "iosAppTutorialsTests" */;
			buildPhases = (
				19CDACF5274AE0980072A155 /* Sources */,
				19CDACF6274AE0980072A155 /* Frameworks */,
				19CDACF7274AE0980072A155 /* Resources */,
			);
			buildRules = (
			);
			dependencies = (
				19CDACFB274AE0980072A155 /* PBXTargetDependency */,
			);
			name = iosAppTutorialsTests;
			productName = iosAppTutorialsTests;
			productReference = 19CDACF9274AE0980072A155 /* iosAppTutorialsTests.xctest */;
			productType = "com.apple.product-type.bundle.unit-test";
		};
		19CDAD02274AE0980072A155 /* iosAppTutorialsUITests */ = {
			isa = PBXNativeTarget;
			buildConfigurationList = 19CDAD13274AE0980072A155 /* Build configuration list for PBXNativeTarget "iosAppTutorialsUITests" */;
			buildPhases = (
				19CDACFF274AE0980072A155 /* Sources */,
				19CDAD00274AE0980072A155 /* Frameworks */,
				19CDAD01274AE0980072A155 /* Resources */,
			);
			buildRules = (
			);
			dependencies = (
				19CDAD05274AE0980072A155 /* PBXTargetDependency */,
			);
			name = iosAppTutorialsUITests;
			productName = iosAppTutorialsUITests;
			productReference = 19CDAD03274AE0980072A155 /* iosAppTutorialsUITests.xctest */;
			productType = "com.apple.product-type.bundle.ui-testing";
		};
/* End PBXNativeTarget section */

/* Begin PBXProject section */
		19CDACE1274AE0960072A155 /* Project object */ = {
			isa = PBXProject;
			attributes = {
				BuildIndependentTargetsInParallel = 1;
				LastSwiftUpdateCheck = 1310;
				LastUpgradeCheck = 1310;
				TargetAttributes = {
					19CDACE8274AE0960072A155 = {
						CreatedOnToolsVersion = 13.1;
					};
					19CDACF8274AE0980072A155 = {
						CreatedOnToolsVersion = 13.1;
						TestTargetID = 19CDACE8274AE0960072A155;
					};
					19CDAD02274AE0980072A155 = {
						CreatedOnToolsVersion = 13.1;
						TestTargetID = 19CDACE8274AE0960072A155;
					};
				};
			};
			buildConfigurationList = 19CDACE4274AE0960072A155 /* Build configuration list for PBXProject "iosAppTutorials" */;
			compatibilityVersion = "Xcode 13.0";
			developmentRegion = en;
			hasScannedForEncodings = 0;
			knownRegions = (
				en,
				Base,
			);
			mainGroup = 19CDACE0274AE0960072A155;
			packageReferences = (
				190515B92758172900A7D0CA /* XCRemoteSwiftPackageReference "SamplePackage" */,
				19E03EEB275BEDB00059685F /* XCRemoteSwiftPackageReference "CodeScanner" */,
			);
			productRefGroup = 19CDACEA274AE0960072A155 /* Products */;
			projectDirPath = "";
			projectRoot = "";
			targets = (
				19CDACE8274AE0960072A155 /* iosAppTutorials */,
				19CDACF8274AE0980072A155 /* iosAppTutorialsTests */,
				19CDAD02274AE0980072A155 /* iosAppTutorialsUITests */,
			);
		};
/* End PBXProject section */

/* Begin PBXResourcesBuildPhase section */
		19CDACE7274AE0960072A155 /* Resources */ = {
			isa = PBXResourcesBuildPhase;
			buildActionMask = 2147483647;
			files = (
				19CDACF4274AE0980072A155 /* Preview Assets.xcassets in Resources */,
				19CDACF1274AE0980072A155 /* Assets.xcassets in Resources */,
				19012BD127A499590071772F /* landmarkData.json in Resources */,
			);
			runOnlyForDeploymentPostprocessing = 0;
		};
		19CDACF7274AE0980072A155 /* Resources */ = {
			isa = PBXResourcesBuildPhase;
			buildActionMask = 2147483647;
			files = (
			);
			runOnlyForDeploymentPostprocessing = 0;
		};
		19CDAD01274AE0980072A155 /* Resources */ = {
			isa = PBXResourcesBuildPhase;
			buildActionMask = 2147483647;
			files = (
			);
			runOnlyForDeploymentPostprocessing = 0;
		};
/* End PBXResourcesBuildPhase section */

/* Begin PBXSourcesBuildPhase section */
		19CDACE5274AE0960072A155 /* Sources */ = {
			isa = PBXSourcesBuildPhase;
			buildActionMask = 2147483647;
			files = (
				190A2A5B274C0703002B8332 /* LazyVstack.swift in Sources */,
				19CDAD26274AE5800072A155 /* ScrollingPages.swift in Sources */,
				19DD9B3027A45FF100E436AA /* SwiftUIView.swift in Sources */,
				19FCB14D2759362400AF28EA /* LandingView.swift in Sources */,
				19ED522B2751527900ADA61F /* WeSplitApp.swift in Sources */,
				19CDACEF274AE0960072A155 /* Mapkit.swift in Sources */,
				1920BE97278B840D009AA5F8 /* SwiftBaseView.swift in Sources */,
				19EF9A4427500D300075D4B4 /* FileDocumentViewMain.swift in Sources */,
				19086428274EA7680062F6FF /* WebLinkView.swift in Sources */,
				1920BE92278B2889009AA5F8 /* ImageSaver.swift in Sources */,
				19ED522D275152C200ADA61F /* ContentView.swift in Sources */,
				19EF710F2756A5510088D7AA /* HotProspects.swift in Sources */,
				19DD9B3427A4604000E436AA /* CircleImageView.swift in Sources */,
				190515B8275810C400A7D0CA /* localNotifications.swift in Sources */,
				1986AF4F274D6C76000625E8 /* TextAndIconView.swift in Sources */,
				19EF9A46275014890075D4B4 /* StateView.swift in Sources */,
				190A2A5E274C0A0C002B8332 /* ProgressIndicatorView.swift in Sources */,
				19FCB14F27593C9800AF28EA /* Prospects.swift in Sources */,
				19CDAD30274AEDEC0072A155 /* ColorPickerView.swift in Sources */,
				19EF71112756A55F0088D7AA /* HotProspectsContentView.swift in Sources */,
				19086431274EAF950062F6FF /* SideBariPadOs.swift in Sources */,
				1908642B274EABA50062F6FF /* DatePicker.swift in Sources */,
				19CDACED274AE0960072A155 /* iosAppTutorialsApp.swift in Sources */,
				19FCB149275935E200AF28EA /* ProspectsView.swift in Sources */,
				190515B22757EED900A7D0CA /* PublishingObservableObject.swift in Sources */,
				1920BE95278B83D1009AA5F8 /* SwiftBase.swift in Sources */,
				19012BCA27A495F60071772F /* Landmark.swift in Sources */,
				190515B42757F38200A7D0CA /* ImageHotProspects.swift in Sources */,
				19DD9B3227A4601B00E436AA /* MapKit.swift in Sources */,
				19012BCC27A497F10071772F /* ModelData.swift in Sources */,
				19012BD327A499DA0071772F /* LandMarkRow.swift in Sources */,
				19CDAD2A274AE6270072A155 /* ScrollingViewMain.swift in Sources */,
				19EF9A42275008580075D4B4 /* FileDocumentView.swift in Sources */,
				1908642E274EAD4F0062F6FF /* DisclosureGroup.swift in Sources */,
				190A2A61274C0E96002B8332 /* ExpandingListView.swift in Sources */,
				19FCB14B2759360000AF28EA /* MeView.swift in Sources */,
				19EF71132756ADC90088D7AA /* TabView.swift in Sources */,
				190515BD2758174000A7D0CA /* SamplePackage.swift in Sources */,
				19CDAD2D274AE9860072A155 /* SpriteKitView.swift in Sources */,
				190515B62757F67200A7D0CA /* ContextMenu.swift in Sources */,
				190A2A64274C13CA002B8332 /* VideoPlayerView.swift in Sources */,
			);
			runOnlyForDeploymentPostprocessing = 0;
		};
		19CDACF5274AE0980072A155 /* Sources */ = {
			isa = PBXSourcesBuildPhase;
			buildActionMask = 2147483647;
			files = (
				19CDACFE274AE0980072A155 /* iosAppTutorialsTests.swift in Sources */,
			);
			runOnlyForDeploymentPostprocessing = 0;
		};
		19CDACFF274AE0980072A155 /* Sources */ = {
			isa = PBXSourcesBuildPhase;
			buildActionMask = 2147483647;
			files = (
				19CDAD0A274AE0980072A155 /* iosAppTutorialsUITestsLaunchTests.swift in Sources */,
				19CDAD08274AE0980072A155 /* iosAppTutorialsUITests.swift in Sources */,
			);
			runOnlyForDeploymentPostprocessing = 0;
		};
/* End PBXSourcesBuildPhase section */

/* Begin PBXTargetDependency section */
		19CDACFB274AE0980072A155 /* PBXTargetDependency */ = {
			isa = PBXTargetDependency;
			target = 19CDACE8274AE0960072A155 /* iosAppTutorials */;
			targetProxy = 19CDACFA274AE0980072A155 /* PBXContainerItemProxy */;
		};
		19CDAD05274AE0980072A155 /* PBXTargetDependency */ = {
			isa = PBXTargetDependency;
			target = 19CDACE8274AE0960072A155 /* iosAppTutorials */;
			targetProxy = 19CDAD04274AE0980072A155 /* PBXContainerItemProxy */;
		};
/* End PBXTargetDependency section */

/* Begin XCBuildConfiguration section */
		19CDAD0B274AE0980072A155 /* Debug */ = {
			isa = XCBuildConfiguration;
			buildSettings = {
				ALWAYS_SEARCH_USER_PATHS = NO;
				CLANG_ANALYZER_NONNULL = YES;
				CLANG_ANALYZER_NUMBER_OBJECT_CONVERSION = YES_AGGRESSIVE;
				CLANG_CXX_LANGUAGE_STANDARD = "gnu++17";
				CLANG_CXX_LIBRARY = "libc++";
				CLANG_ENABLE_MODULES = YES;
				CLANG_ENABLE_OBJC_ARC = YES;
				CLANG_ENABLE_OBJC_WEAK = YES;
				CLANG_WARN_BLOCK_CAPTURE_AUTORELEASING = YES;
				CLANG_WARN_BOOL_CONVERSION = YES;
				CLANG_WARN_COMMA = YES;
				CLANG_WARN_CONSTANT_CONVERSION = YES;
				CLANG_WARN_DEPRECATED_OBJC_IMPLEMENTATIONS = YES;
				CLANG_WARN_DIRECT_OBJC_ISA_USAGE = YES_ERROR;
				CLANG_WARN_DOCUMENTATION_COMMENTS = YES;
				CLANG_WARN_EMPTY_BODY = YES;
				CLANG_WARN_ENUM_CONVERSION = YES;
				CLANG_WARN_INFINITE_RECURSION = YES;
				CLANG_WARN_INT_CONVERSION = YES;
				CLANG_WARN_NON_LITERAL_NULL_CONVERSION = YES;
				CLANG_WARN_OBJC_IMPLICIT_RETAIN_SELF = YES;
				CLANG_WARN_OBJC_LITERAL_CONVERSION = YES;
				CLANG_WARN_OBJC_ROOT_CLASS = YES_ERROR;
				CLANG_WARN_QUOTED_INCLUDE_IN_FRAMEWORK_HEADER = YES;
				CLANG_WARN_RANGE_LOOP_ANALYSIS = YES;
				CLANG_WARN_STRICT_PROTOTYPES = YES;
				CLANG_WARN_SUSPICIOUS_MOVE = YES;
				CLANG_WARN_UNGUARDED_AVAILABILITY = YES_AGGRESSIVE;
				CLANG_WARN_UNREACHABLE_CODE = YES;
				CLANG_WARN__DUPLICATE_METHOD_MATCH = YES;
				COPY_PHASE_STRIP = NO;
				DEBUG_INFORMATION_FORMAT = dwarf;
				ENABLE_STRICT_OBJC_MSGSEND = YES;
				ENABLE_TESTABILITY = YES;
				GCC_C_LANGUAGE_STANDARD = gnu11;
				GCC_DYNAMIC_NO_PIC = NO;
				GCC_NO_COMMON_BLOCKS = YES;
				GCC_OPTIMIZATION_LEVEL = 0;
				GCC_PREPROCESSOR_DEFINITIONS = (
					"DEBUG=1",
					"$(inherited)",
				);
				GCC_WARN_64_TO_32_BIT_CONVERSION = YES;
				GCC_WARN_ABOUT_RETURN_TYPE = YES_ERROR;
				GCC_WARN_UNDECLARED_SELECTOR = YES;
				GCC_WARN_UNINITIALIZED_AUTOS = YES_AGGRESSIVE;
				GCC_WARN_UNUSED_FUNCTION = YES;
				GCC_WARN_UNUSED_VARIABLE = YES;
				IPHONEOS_DEPLOYMENT_TARGET = 15.0;
				MTL_ENABLE_DEBUG_INFO = INCLUDE_SOURCE;
				MTL_FAST_MATH = YES;
				ONLY_ACTIVE_ARCH = YES;
				SDKROOT = iphoneos;
				SWIFT_ACTIVE_COMPILATION_CONDITIONS = DEBUG;
				SWIFT_OPTIMIZATION_LEVEL = "-Onone";
			};
			name = Debug;
		};
		19CDAD0C274AE0980072A155 /* Release */ = {
			isa = XCBuildConfiguration;
			buildSettings = {
				ALWAYS_SEARCH_USER_PATHS = NO;
				CLANG_ANALYZER_NONNULL = YES;
				CLANG_ANALYZER_NUMBER_OBJECT_CONVERSION = YES_AGGRESSIVE;
				CLANG_CXX_LANGUAGE_STANDARD = "gnu++17";
				CLANG_CXX_LIBRARY = "libc++";
				CLANG_ENABLE_MODULES = YES;
				CLANG_ENABLE_OBJC_ARC = YES;
				CLANG_ENABLE_OBJC_WEAK = YES;
				CLANG_WARN_BLOCK_CAPTURE_AUTORELEASING = YES;
				CLANG_WARN_BOOL_CONVERSION = YES;
				CLANG_WARN_COMMA = YES;
				CLANG_WARN_CONSTANT_CONVERSION = YES;
				CLANG_WARN_DEPRECATED_OBJC_IMPLEMENTATIONS = YES;
				CLANG_WARN_DIRECT_OBJC_ISA_USAGE = YES_ERROR;
				CLANG_WARN_DOCUMENTATION_COMMENTS = YES;
				CLANG_WARN_EMPTY_BODY = YES;
				CLANG_WARN_ENUM_CONVERSION = YES;
				CLANG_WARN_INFINITE_RECURSION = YES;
				CLANG_WARN_INT_CONVERSION = YES;
				CLANG_WARN_NON_LITERAL_NULL_CONVERSION = YES;
				CLANG_WARN_OBJC_IMPLICIT_RETAIN_SELF = YES;
				CLANG_WARN_OBJC_LITERAL_CONVERSION = YES;
				CLANG_WARN_OBJC_ROOT_CLASS = YES_ERROR;
				CLANG_WARN_QUOTED_INCLUDE_IN_FRAMEWORK_HEADER = YES;
				CLANG_WARN_RANGE_LOOP_ANALYSIS = YES;
				CLANG_WARN_STRICT_PROTOTYPES = YES;
				CLANG_WARN_SUSPICIOUS_MOVE = YES;
				CLANG_WARN_UNGUARDED_AVAILABILITY = YES_AGGRESSIVE;
				CLANG_WARN_UNREACHABLE_CODE = YES;
				CLANG_WARN__DUPLICATE_METHOD_MATCH = YES;
				COPY_PHASE_STRIP = NO;
				DEBUG_INFORMATION_FORMAT = "dwarf-with-dsym";
				ENABLE_NS_ASSERTIONS = NO;
				ENABLE_STRICT_OBJC_MSGSEND = YES;
				GCC_C_LANGUAGE_STANDARD = gnu11;
				GCC_NO_COMMON_BLOCKS = YES;
				GCC_WARN_64_TO_32_BIT_CONVERSION = YES;
				GCC_WARN_ABOUT_RETURN_TYPE = YES_ERROR;
				GCC_WARN_UNDECLARED_SELECTOR = YES;
				GCC_WARN_UNINITIALIZED_AUTOS = YES_AGGRESSIVE;
				GCC_WARN_UNUSED_FUNCTION = YES;
				GCC_WARN_UNUSED_VARIABLE = YES;
				IPHONEOS_DEPLOYMENT_TARGET = 15.0;
				MTL_ENABLE_DEBUG_INFO = NO;
				MTL_FAST_MATH = YES;
				SDKROOT = iphoneos;
				SWIFT_COMPILATION_MODE = wholemodule;
				SWIFT_OPTIMIZATION_LEVEL = "-O";
				VALIDATE_PRODUCT = YES;
			};
			name = Release;
		};
		19CDAD0E274AE0980072A155 /* Debug */ = {
			isa = XCBuildConfiguration;
			buildSettings = {
				ASSETCATALOG_COMPILER_APPICON_NAME = AppIcon;
				ASSETCATALOG_COMPILER_GLOBAL_ACCENT_COLOR_NAME = AccentColor;
				CODE_SIGN_STYLE = Automatic;
				CURRENT_PROJECT_VERSION = 1;
				DEVELOPMENT_ASSET_PATHS = "\"iosAppTutorials/Preview Content\"";
				DEVELOPMENT_TEAM = Y7Q248MQ69;
				ENABLE_PREVIEWS = YES;
				GENERATE_INFOPLIST_FILE = YES;
				INFOPLIST_KEY_NSCameraUsageDescription = "We need to access the camera";
				INFOPLIST_KEY_NSPhotoLibraryAddUsageDescription = "We need to save your QR Code";
				INFOPLIST_KEY_UIApplicationSceneManifest_Generation = YES;
				INFOPLIST_KEY_UIApplicationSupportsIndirectInputEvents = YES;
				INFOPLIST_KEY_UILaunchScreen_Generation = YES;
				INFOPLIST_KEY_UISupportedInterfaceOrientations_iPad = "UIInterfaceOrientationPortrait UIInterfaceOrientationPortraitUpsideDown UIInterfaceOrientationLandscapeLeft UIInterfaceOrientationLandscapeRight";
				INFOPLIST_KEY_UISupportedInterfaceOrientations_iPhone = "UIInterfaceOrientationPortrait UIInterfaceOrientationLandscapeLeft UIInterfaceOrientationLandscapeRight";
				LD_RUNPATH_SEARCH_PATHS = (
					"$(inherited)",
					"@executable_path/Frameworks",
				);
				MARKETING_VERSION = 1.0;
				PRODUCT_BUNDLE_IDENTIFIER = com.hershel.iosAppTutorials;
				PRODUCT_NAME = "$(TARGET_NAME)";
				SWIFT_EMIT_LOC_STRINGS = YES;
				SWIFT_VERSION = 5.0;
				TARGETED_DEVICE_FAMILY = "1,2";
			};
			name = Debug;
		};
		19CDAD0F274AE0980072A155 /* Release */ = {
			isa = XCBuildConfiguration;
			buildSettings = {
				ASSETCATALOG_COMPILER_APPICON_NAME = AppIcon;
				ASSETCATALOG_COMPILER_GLOBAL_ACCENT_COLOR_NAME = AccentColor;
				CODE_SIGN_STYLE = Automatic;
				CURRENT_PROJECT_VERSION = 1;
				DEVELOPMENT_ASSET_PATHS = "\"iosAppTutorials/Preview Content\"";
				DEVELOPMENT_TEAM = Y7Q248MQ69;
				ENABLE_PREVIEWS = YES;
				GENERATE_INFOPLIST_FILE = YES;
				INFOPLIST_KEY_NSCameraUsageDescription = "We need to access the camera";
				INFOPLIST_KEY_NSPhotoLibraryAddUsageDescription = "We need to save your QR Code";
				INFOPLIST_KEY_UIApplicationSceneManifest_Generation = YES;
				INFOPLIST_KEY_UIApplicationSupportsIndirectInputEvents = YES;
				INFOPLIST_KEY_UILaunchScreen_Generation = YES;
				INFOPLIST_KEY_UISupportedInterfaceOrientations_iPad = "UIInterfaceOrientationPortrait UIInterfaceOrientationPortraitUpsideDown UIInterfaceOrientationLandscapeLeft UIInterfaceOrientationLandscapeRight";
				INFOPLIST_KEY_UISupportedInterfaceOrientations_iPhone = "UIInterfaceOrientationPortrait UIInterfaceOrientationLandscapeLeft UIInterfaceOrientationLandscapeRight";
				LD_RUNPATH_SEARCH_PATHS = (
					"$(inherited)",
					"@executable_path/Frameworks",
				);
				MARKETING_VERSION = 1.0;
				PRODUCT_BUNDLE_IDENTIFIER = com.hershel.iosAppTutorials;
				PRODUCT_NAME = "$(TARGET_NAME)";
				SWIFT_EMIT_LOC_STRINGS = YES;
				SWIFT_VERSION = 5.0;
				TARGETED_DEVICE_FAMILY = "1,2";
			};
			name = Release;
		};
		19CDAD11274AE0980072A155 /* Debug */ = {
			isa = XCBuildConfiguration;
			buildSettings = {
				ALWAYS_EMBED_SWIFT_STANDARD_LIBRARIES = YES;
				BUNDLE_LOADER = "$(TEST_HOST)";
				CODE_SIGN_STYLE = Automatic;
				CURRENT_PROJECT_VERSION = 1;
				DEVELOPMENT_TEAM = Y7Q248MQ69;
				GENERATE_INFOPLIST_FILE = YES;
				IPHONEOS_DEPLOYMENT_TARGET = 15.0;
				LD_RUNPATH_SEARCH_PATHS = (
					"$(inherited)",
					"@executable_path/Frameworks",
					"@loader_path/Frameworks",
				);
				MARKETING_VERSION = 1.0;
				PRODUCT_BUNDLE_IDENTIFIER = com.hershel.iosAppTutorialsTests;
				PRODUCT_NAME = "$(TARGET_NAME)";
				SWIFT_EMIT_LOC_STRINGS = NO;
				SWIFT_VERSION = 5.0;
				TARGETED_DEVICE_FAMILY = "1,2";
				TEST_HOST = "$(BUILT_PRODUCTS_DIR)/iosAppTutorials.app/iosAppTutorials";
			};
			name = Debug;
		};
		19CDAD12274AE0980072A155 /* Release */ = {
			isa = XCBuildConfiguration;
			buildSettings = {
				ALWAYS_EMBED_SWIFT_STANDARD_LIBRARIES = YES;
				BUNDLE_LOADER = "$(TEST_HOST)";
				CODE_SIGN_STYLE = Automatic;
				CURRENT_PROJECT_VERSION = 1;
				DEVELOPMENT_TEAM = Y7Q248MQ69;
				GENERATE_INFOPLIST_FILE = YES;
				IPHONEOS_DEPLOYMENT_TARGET = 15.0;
				LD_RUNPATH_SEARCH_PATHS = (
					"$(inherited)",
					"@executable_path/Frameworks",
					"@loader_path/Frameworks",
				);
				MARKETING_VERSION = 1.0;
				PRODUCT_BUNDLE_IDENTIFIER = com.hershel.iosAppTutorialsTests;
				PRODUCT_NAME = "$(TARGET_NAME)";
				SWIFT_EMIT_LOC_STRINGS = NO;
				SWIFT_VERSION = 5.0;
				TARGETED_DEVICE_FAMILY = "1,2";
				TEST_HOST = "$(BUILT_PRODUCTS_DIR)/iosAppTutorials.app/iosAppTutorials";
			};
			name = Release;
		};
		19CDAD14274AE0980072A155 /* Debug */ = {
			isa = XCBuildConfiguration;
			buildSettings = {
				ALWAYS_EMBED_SWIFT_STANDARD_LIBRARIES = YES;
				CODE_SIGN_STYLE = Automatic;
				CURRENT_PROJECT_VERSION = 1;
				DEVELOPMENT_TEAM = Y7Q248MQ69;
				GENERATE_INFOPLIST_FILE = YES;
				LD_RUNPATH_SEARCH_PATHS = (
					"$(inherited)",
					"@executable_path/Frameworks",
					"@loader_path/Frameworks",
				);
				MARKETING_VERSION = 1.0;
				PRODUCT_BUNDLE_IDENTIFIER = com.hershel.iosAppTutorialsUITests;
				PRODUCT_NAME = "$(TARGET_NAME)";
				SWIFT_EMIT_LOC_STRINGS = NO;
				SWIFT_VERSION = 5.0;
				TARGETED_DEVICE_FAMILY = "1,2";
				TEST_TARGET_NAME = iosAppTutorials;
			};
			name = Debug;
		};
		19CDAD15274AE0980072A155 /* Release */ = {
			isa = XCBuildConfiguration;
			buildSettings = {
				ALWAYS_EMBED_SWIFT_STANDARD_LIBRARIES = YES;
				CODE_SIGN_STYLE = Automatic;
				CURRENT_PROJECT_VERSION = 1;
				DEVELOPMENT_TEAM = Y7Q248MQ69;
				GENERATE_INFOPLIST_FILE = YES;
				LD_RUNPATH_SEARCH_PATHS = (
					"$(inherited)",
					"@executable_path/Frameworks",
					"@loader_path/Frameworks",
				);
				MARKETING_VERSION = 1.0;
				PRODUCT_BUNDLE_IDENTIFIER = com.hershel.iosAppTutorialsUITests;
				PRODUCT_NAME = "$(TARGET_NAME)";
				SWIFT_EMIT_LOC_STRINGS = NO;
				SWIFT_VERSION = 5.0;
				TARGETED_DEVICE_FAMILY = "1,2";
				TEST_TARGET_NAME = iosAppTutorials;
			};
			name = Release;
		};
/* End XCBuildConfiguration section */

/* Begin XCConfigurationList section */
		19CDACE4274AE0960072A155 /* Build configuration list for PBXProject "iosAppTutorials" */ = {
			isa = XCConfigurationList;
			buildConfigurations = (
				19CDAD0B274AE0980072A155 /* Debug */,
				19CDAD0C274AE0980072A155 /* Release */,
			);
			defaultConfigurationIsVisible = 0;
			defaultConfigurationName = Release;
		};
		19CDAD0D274AE0980072A155 /* Build configuration list for PBXNativeTarget "iosAppTutorials" */ = {
			isa = XCConfigurationList;
			buildConfigurations = (
				19CDAD0E274AE0980072A155 /* Debug */,
				19CDAD0F274AE0980072A155 /* Release */,
			);
			defaultConfigurationIsVisible = 0;
			defaultConfigurationName = Release;
		};
		19CDAD10274AE0980072A155 /* Build configuration list for PBXNativeTarget "iosAppTutorialsTests" */ = {
			isa = XCConfigurationList;
			buildConfigurations = (
				19CDAD11274AE0980072A155 /* Debug */,
				19CDAD12274AE0980072A155 /* Release */,
			);
			defaultConfigurationIsVisible = 0;
			defaultConfigurationName = Release;
		};
		19CDAD13274AE0980072A155 /* Build configuration list for PBXNativeTarget "iosAppTutorialsUITests" */ = {
			isa = XCConfigurationList;
			buildConfigurations = (
				19CDAD14274AE0980072A155 /* Debug */,
				19CDAD15274AE0980072A155 /* Release */,
			);
			defaultConfigurationIsVisible = 0;
			defaultConfigurationName = Release;
		};
/* End XCConfigurationList section */

/* Begin XCRemoteSwiftPackageReference section */
		190515B92758172900A7D0CA /* XCRemoteSwiftPackageReference "SamplePackage" */ = {
			isa = XCRemoteSwiftPackageReference;
			repositoryURL = "https://github.com/twostraws/SamplePackage";
			requirement = {
				kind = upToNextMajorVersion;
				minimumVersion = 1.0.0;
			};
		};
		19E03EEB275BEDB00059685F /* XCRemoteSwiftPackageReference "CodeScanner" */ = {
			isa = XCRemoteSwiftPackageReference;
			repositoryURL = "https://github.com/twostraws/CodeScanner";
			requirement = {
				kind = upToNextMajorVersion;
				minimumVersion = 1.0.0;
			};
		};
/* End XCRemoteSwiftPackageReference section */

/* Begin XCSwiftPackageProductDependency section */
		190515BA2758172900A7D0CA /* SamplePackage */ = {
			isa = XCSwiftPackageProductDependency;
			package = 190515B92758172900A7D0CA /* XCRemoteSwiftPackageReference "SamplePackage" */;
			productName = SamplePackage;
		};
		19E03EEC275BEDB00059685F /* CodeScanner */ = {
			isa = XCSwiftPackageProductDependency;
			package = 19E03EEB275BEDB00059685F /* XCRemoteSwiftPackageReference "CodeScanner" */;
			productName = CodeScanner;
		};
/* End XCSwiftPackageProductDependency section */
	};
	rootObject = 19CDACE1274AE0960072A155 /* Project object */;
}
